
Microsoft Visual Studio Solution File, Format Version 12.00
# Visual Studio Version 17
VisualStudioVersion = 17.1.32319.34
MinimumVisualStudioVersion = 10.0.40219.1
Project("{FAE04EC0-301F-11D3-BF4B-00C04F79EFBC}") = "FindMaxUsingGenerics", "FindMaxUsingGenerics.csproj", "{C6D41CE7-C2E4-4DA4-B164-584BBAC48D57}"
EndProject
Global
	GlobalSection(SolutionConfigurationPlatforms) = preSolution
		Debug|Any CPU = Debug|Any CPU
		Release|Any CPU = Release|Any CPU
	EndGlobalSection
	GlobalSection(ProjectConfigurationPlatforms) = postSolution
		{C6D41CE7-C2E4-4DA4-B164-584BBAC48D57}.Debug|Any CPU.ActiveCfg = Debug|Any CPU
		{C6D41CE7-C2E4-4DA4-B164-584BBAC48D57}.Debug|Any CPU.Build.0 = Debug|Any CPU
		{C6D41CE7-C2E4-4DA4-B164-584BBAC48D57}.Release|Any CPU.ActiveCfg = Release|Any CPU
		{C6D41CE7-C2E4-4DA4-B164-584BBAC48D57}.Release|Any CPU.Build.0 = Release|Any CPU
	EndGlobalSection
	GlobalSection(SolutionProperties) = preSolution
		HideSolutionNode = FALSE
	EndGlobalSection
	GlobalSection(ExtensibilityGlobals) = postSolution
		SolutionGuid = {914F10B9-C136-4A11-9884-F3133F29223A}
	EndGlobalSection
EndGlobal
